
Microsoft Visual Studio Solution File, Format Version 12.00
# Visual Studio Version 16
VisualStudioVersion = 16.0.29613.14
MinimumVisualStudioVersion = 10.0.40219.1
Project("{FAE04EC0-301F-11D3-BF4B-00C04F79EFBC}") = "MyNotebookApp", "Form1\MyNotebookApp.csproj", "{346E5164-022A-4045-95B8-5965B3A3F8BD}"
EndProject
Global
	GlobalSection(SolutionConfigurationPlatforms) = preSolution
		Debug|Any CPU = Debug|Any CPU
		Release|Any CPU = Release|Any CPU
	EndGlobalSection
	GlobalSection(ProjectConfigurationPlatforms) = postSolution
		{346E5164-022A-4045-95B8-5965B3A3F8BD}.Debug|Any CPU.ActiveCfg = Debug|Any CPU
		{346E5164-022A-4045-95B8-5965B3A3F8BD}.Debug|Any CPU.Build.0 = Debug|Any CPU
		{346E5164-022A-4045-95B8-5965B3A3F8BD}.Release|Any CPU.ActiveCfg = Release|Any CPU
		{346E5164-022A-4045-95B8-5965B3A3F8BD}.Release|Any CPU.Build.0 = Release|Any CPU
	EndGlobalSection
	GlobalSection(SolutionProperties) = preSolution
		HideSolutionNode = FALSE
	EndGlobalSection
	GlobalSection(ExtensibilityGlobals) = postSolution
		SolutionGuid = {F3D36275-3D10-45B4-9D78-A190A5A319FA}
	EndGlobalSection
EndGlobal
